
Microsoft Visual Studio Solution File, Format Version 12.00
# Visual Studio Version 17
VisualStudioVersion = 17.7.34031.279
MinimumVisualStudioVersion = 10.0.40219.1
Project("{FAE04EC0-301F-11D3-BF4B-00C04F79EFBC}") = "TechNeurons", "TechNeurons\TechNeurons.csproj", "{FA26289D-6F7A-4B60-82A3-4DC02C84F4D2}"
EndProject
Global
	GlobalSection(SolutionConfigurationPlatforms) = preSolution
		Debug|Any CPU = Debug|Any CPU
		Release|Any CPU = Release|Any CPU
	EndGlobalSection
	GlobalSection(ProjectConfigurationPlatforms) = postSolution
		{FA26289D-6F7A-4B60-82A3-4DC02C84F4D2}.Debug|Any CPU.ActiveCfg = Debug|Any CPU
		{FA26289D-6F7A-4B60-82A3-4DC02C84F4D2}.Debug|Any CPU.Build.0 = Debug|Any CPU
		{FA26289D-6F7A-4B60-82A3-4DC02C84F4D2}.Release|Any CPU.ActiveCfg = Release|Any CPU
		{FA26289D-6F7A-4B60-82A3-4DC02C84F4D2}.Release|Any CPU.Build.0 = Release|Any CPU
	EndGlobalSection
	GlobalSection(SolutionProperties) = preSolution
		HideSolutionNode = FALSE
	EndGlobalSection
	GlobalSection(ExtensibilityGlobals) = postSolution
		SolutionGuid = {60DC3242-B619-463A-8EC3-CA745B76BFDC}
	EndGlobalSection
EndGlobal
